
Microsoft Visual Studio Solution File, Format Version 12.00
# Visual Studio 15
VisualStudioVersion = 15.0.27130.2020
MinimumVisualStudioVersion = 10.0.40219.1
Project("{FAE04EC0-301F-11D3-BF4B-00C04F79EFBC}") = "ScreenSaver", "ScreenSaver\ScreenSaver\ScreenSaver.csproj", "{F802F6BB-B686-4E2E-81F8-A7817FBADF53}"
EndProject
Project("{FAE04EC0-301F-11D3-BF4B-00C04F79EFBC}") = "ScreenSaver.Test", "ScreenSaver\ScreenSaver.Test\ScreenSaver.Test.csproj", "{6FD0AEAD-4CF5-458A-9B65-D1F7080FCCFC}"
EndProject
Global
	GlobalSection(SolutionConfigurationPlatforms) = preSolution
		Debug|Any CPU = Debug|Any CPU
		Release|Any CPU = Release|Any CPU
	EndGlobalSection
	GlobalSection(ProjectConfigurationPlatforms) = postSolution
		{F802F6BB-B686-4E2E-81F8-A7817FBADF53}.Debug|Any CPU.ActiveCfg = Debug|Any CPU
		{F802F6BB-B686-4E2E-81F8-A7817FBADF53}.Debug|Any CPU.Build.0 = Debug|Any CPU
		{F802F6BB-B686-4E2E-81F8-A7817FBADF53}.Release|Any CPU.ActiveCfg = Release|Any CPU
		{F802F6BB-B686-4E2E-81F8-A7817FBADF53}.Release|Any CPU.Build.0 = Release|Any CPU
		{6FD0AEAD-4CF5-458A-9B65-D1F7080FCCFC}.Debug|Any CPU.ActiveCfg = Debug|Any CPU
		{6FD0AEAD-4CF5-458A-9B65-D1F7080FCCFC}.Debug|Any CPU.Build.0 = Debug|Any CPU
		{6FD0AEAD-4CF5-458A-9B65-D1F7080FCCFC}.Release|Any CPU.ActiveCfg = Release|Any CPU
		{6FD0AEAD-4CF5-458A-9B65-D1F7080FCCFC}.Release|Any CPU.Build.0 = Release|Any CPU
	EndGlobalSection
	GlobalSection(SolutionProperties) = preSolution
		HideSolutionNode = FALSE
	EndGlobalSection
	GlobalSection(ExtensibilityGlobals) = postSolution
		SolutionGuid = {3E2AD57A-27ED-4658-B0FA-6762416A7B47}
	EndGlobalSection
EndGlobal
